// !$*UTF8*$!
{
	archiveVersion = 1;
	classes = {
	};
	objectVersion = 77;
	objects = {

/* Begin PBXContainerItemProxy section */
		92D0DE2C2F5FEE5B008E9B70 /* PBXContainerItemProxy */ = {
			isa = PBXContainerItemProxy;
			containerPortal = 92D0DE162F5FEE5A008E9B70 /* Project object */;
			proxyType = 1;
			remoteGlobalIDString = 92D0DE1D2F5FEE5A008E9B70;
			remoteInfo = "todo-bar";
		};
		92D0DE362F5FEE5B008E9B70 /* PBXContainerItemProxy */ = {
			isa = PBXContainerItemProxy;
			containerPortal = 92D0DE162F5FEE5A008E9B70 /* Project object */;
			proxyType = 1;
			remoteGlobalIDString = 92D0DE1D2F5FEE5A008E9B70;
			remoteInfo = "todo-bar";
		};
/* End PBXContainerItemProxy section */

/* Begin PBXFileReference section */
		92D0DE1E2F5FEE5A008E9B70 /* todo-bar.app */ = {isa = PBXFileReference; explicitFileType = wrapper.application; includeInIndex = 0; path = "todo-bar.app"; sourceTree = BUILT_PRODUCTS_DIR; };
		92D0DE2B2F5FEE5B008E9B70 /* todo-barTests.xctest */ = {isa = PBXFileReference; explicitFileType = wrapper.cfbundle; includeInIndex = 0; path = "todo-barTests.xctest"; sourceTree = BUILT_PRODUCTS_DIR; };
		92D0DE352F5FEE5B008E9B70 /* todo-barUITests.xctest */ = {isa = PBXFileReference; explicitFileType = wrapper.cfbundle; includeInIndex = 0; path = "todo-barUITests.xctest"; sourceTree = BUILT_PRODUCTS_DIR; };
/* End PBXFileReference section */

/* Begin PBXFileSystemSynchronizedRootGroup section */
		92D0DE202F5FEE5A008E9B70 /* todo-bar */ = {
			isa = PBXFileSystemSynchronizedRootGroup;
			path = "todo-bar";
			sourceTree = "<group>";
		};
		92D0DE2E2F5FEE5B008E9B70 /* todo-barTests */ = {
			isa = PBXFileSystemSynchronizedRootGroup;
			path = "todo-barTests";
			sourceTree = "<group>";
		};
		92D0DE382F5FEE5B008E9B70 /* todo-barUITests */ = {
			isa = PBXFileSystemSynchronizedRootGroup;
			path = "todo-barUITests";
			sourceTree = "<group>";
		};
/* End PBXFileSystemSynchronizedRootGroup section */

/* Begin PBXFrameworksBuildPhase section */
		92D0DE1B2F5FEE5A008E9B70 /* Frameworks */ = {
			isa = PBXFrameworksBuildPhase;
			buildActionMask = 2147483647;
			files = (
			);
			runOnlyForDeploymentPostprocessing = 0;
		};
		92D0DE282F5FEE5B008E9B70 /* Frameworks */ = {
			isa = PBXFrameworksBuildPhase;
			buildActionMask = 2147483647;
			files = (
			);
			runOnlyForDeploymentPostprocessing = 0;
		};
		92D0DE322F5FEE5B008E9B70 /* Frameworks */ = {
			isa = PBXFrameworksBuildPhase;
			buildActionMask = 2147483647;
			files = (
			);
			runOnlyForDeploymentPostprocessing = 0;
		};
/* End PBXFrameworksBuildPhase section */

/* Begin PBXGroup section */
		92D0DE152F5FEE5A008E9B70 = {
			isa = PBXGroup;
			children = (
				92D0DE202F5FEE5A008E9B70 /* todo-bar */,
				92D0DE2E2F5FEE5B008E9B70 /* todo-barTests */,
				92D0DE382F5FEE5B008E9B70 /* todo-barUITests */,
				92D0DE1F2F5FEE5A008E9B70 /* Products */,
			);
			sourceTree = "<group>";
		};
		92D0DE1F2F5FEE5A008E9B70 /* Products */ = {
			isa = PBXGroup;
			children = (
				92D0DE1E2F5FEE5A008E9B70 /* todo-bar.app */,
				92D0DE2B2F5FEE5B008E9B70 /* todo-barTests.xctest */,
				92D0DE352F5FEE5B008E9B70 /* todo-barUITests.xctest */,
			);
			name = Products;
			sourceTree = "<group>";
		};
/* End PBXGroup section */

/* Begin PBXNativeTarget section */
		92D0DE1D2F5FEE5A008E9B70 /* todo-bar */ = {
			isa = PBXNativeTarget;
			buildConfigurationList = 92D0DE3F2F5FEE5B008E9B70 /* Build configuration list for PBXNativeTarget "todo-bar" */;
			buildPhases = (
				92D0DE1A2F5FEE5A008E9B70 /* Sources */,
				92D0DE1B2F5FEE5A008E9B70 /* Frameworks */,
				92D0DE1C2F5FEE5A008E9B70 /* Resources */,
			);
			buildRules = (
			);
			dependencies = (
			);
			fileSystemSynchronizedGroups = (
				92D0DE202F5FEE5A008E9B70 /* todo-bar */,
			);
			name = "todo-bar";
			packageProductDependencies = (
			);
			productName = "todo-bar";
			productReference = 92D0DE1E2F5FEE5A008E9B70 /* todo-bar.app */;
			productType = "com.apple.product-type.application";
		};
		92D0DE2A2F5FEE5B008E9B70 /* todo-barTests */ = {
			isa = PBXNativeTarget;
			buildConfigurationList = 92D0DE422F5FEE5B008E9B70 /* Build configuration list for PBXNativeTarget "todo-barTests" */;
			buildPhases = (
				92D0DE272F5FEE5B008E9B70 /* Sources */,
				92D0DE282F5FEE5B008E9B70 /* Frameworks */,
				92D0DE292F5FEE5B008E9B70 /* Resources */,
			);
			buildRules = (
			);
			dependencies = (
				92D0DE2D2F5FEE5B008E9B70 /* PBXTargetDependency */,
			);
			fileSystemSynchronizedGroups = (
				92D0DE2E2F5FEE5B008E9B70 /* todo-barTests */,
			);
			name = "todo-barTests";
			packageProductDependencies = (
			);
			productName = "todo-barTests";
			productReference = 92D0DE2B2F5FEE5B008E9B70 /* todo-barTests.xctest */;
			productType = "com.apple.product-type.bundle.unit-test";
		};
		92D0DE342F5FEE5B008E9B70 /* todo-barUITests */ = {
			isa = PBXNativeTarget;
			buildConfigurationList = 92D0DE452F5FEE5B008E9B70 /* Build configuration list for PBXNativeTarget "todo-barUITests" */;
			buildPhases = (
				92D0DE312F5FEE5B008E9B70 /* Sources */,
				92D0DE322F5FEE5B008E9B70 /* Frameworks */,
				92D0DE332F5FEE5B008E9B70 /* Resources */,
			);
			buildRules = (
			);
			dependencies = (
				92D0DE372F5FEE5B008E9B70 /* PBXTargetDependency */,
			);
			fileSystemSynchronizedGroups = (
				92D0DE382F5FEE5B008E9B70 /* todo-barUITests */,
			);
			name = "todo-barUITests";
			packageProductDependencies = (
			);
			productName = "todo-barUITests";
			productReference = 92D0DE352F5FEE5B008E9B70 /* todo-barUITests.xctest */;
			productType = "com.apple.product-type.bundle.ui-testing";
		};
/* End PBXNativeTarget section */

/* Begin PBXProject section */
		92D0DE162F5FEE5A008E9B70 /* Project object */ = {
			isa = PBXProject;
			attributes = {
				BuildIndependentTargetsInParallel = 1;
				LastSwiftUpdateCheck = 2630;
				LastUpgradeCheck = 2630;
				TargetAttributes = {
					92D0DE1D2F5FEE5A008E9B70 = {
						CreatedOnToolsVersion = 26.3;
					};
					92D0DE2A2F5FEE5B008E9B70 = {
						CreatedOnToolsVersion = 26.3;
						TestTargetID = 92D0DE1D2F5FEE5A008E9B70;
					};
					92D0DE342F5FEE5B008E9B70 = {
						CreatedOnToolsVersion = 26.3;
						TestTargetID = 92D0DE1D2F5FEE5A008E9B70;
					};
				};
			};
			buildConfigurationList = 92D0DE192F5FEE5A008E9B70 /* Build configuration list for PBXProject "todo-bar" */;
			developmentRegion = en;
			hasScannedForEncodings = 0;
			knownRegions = (
				en,
				Base,
			);
			mainGroup = 92D0DE152F5FEE5A008E9B70;
			minimizedProjectReferenceProxies = 1;
			preferredProjectObjectVersion = 77;
			productRefGroup = 92D0DE1F2F5FEE5A008E9B70 /* Products */;
			projectDirPath = "";
			projectRoot = "";
			targets = (
				92D0DE1D2F5FEE5A008E9B70 /* todo-bar */,
				92D0DE2A2F5FEE5B008E9B70 /* todo-barTests */,
				92D0DE342F5FEE5B008E9B70 /* todo-barUITests */,
			);
		};
/* End PBXProject section */

/* Begin PBXResourcesBuildPhase section */
		92D0DE1C2F5FEE5A008E9B70 /* Resources */ = {
			isa = PBXResourcesBuildPhase;
			buildActionMask = 2147483647;
			files = (
			);
			runOnlyForDeploymentPostprocessing = 0;
		};
		92D0DE292F5FEE5B008E9B70 /* Resources */ = {
			isa = PBXResourcesBuildPhase;
			buildActionMask = 2147483647;
			files = (
			);
			runOnlyForDeploymentPostprocessing = 0;
		};
		92D0DE332F5FEE5B008E9B70 /* Resources */ = {
			isa = PBXResourcesBuildPhase;
			buildActionMask = 2147483647;
			files = (
			);
			runOnlyForDeploymentPostprocessing = 0;
		};
/* End PBXResourcesBuildPhase section */

/* Begin PBXSourcesBuildPhase section */
		92D0DE1A2F5FEE5A008E9B70 /* Sources */ = {
			isa = PBXSourcesBuildPhase;
			buildActionMask = 2147483647;
			files = (
			);
			runOnlyForDeploymentPostprocessing = 0;
		};
		92D0DE272F5FEE5B008E9B70 /* Sources */ = {
			isa = PBXSourcesBuildPhase;
			buildActionMask = 2147483647;
			files = (
			);
			runOnlyForDeploymentPostprocessing = 0;
		};
		92D0DE312F5FEE5B008E9B70 /* Sources */ = {
			isa = PBXSourcesBuildPhase;
			buildActionMask = 2147483647;
			files = (
			);
			runOnlyForDeploymentPostprocessing = 0;
		};
/* End PBXSourcesBuildPhase section */

/* Begin PBXTargetDependency section */
		92D0DE2D2F5FEE5B008E9B70 /* PBXTargetDependency */ = {
			isa = PBXTargetDependency;
			target = 92D0DE1D2F5FEE5A008E9B70 /* todo-bar */;
			targetProxy = 92D0DE2C2F5FEE5B008E9B70 /* PBXContainerItemProxy */;
		};
		92D0DE372F5FEE5B008E9B70 /* PBXTargetDependency */ = {
			isa = PBXTargetDependency;
			target = 92D0DE1D2F5FEE5A008E9B70 /* todo-bar */;
			targetProxy = 92D0DE362F5FEE5B008E9B70 /* PBXContainerItemProxy */;
		};
/* End PBXTargetDependency section */

/* Begin XCBuildConfiguration section */
		92D0DE3D2F5FEE5B008E9B70 /* Debug */ = {
			isa = XCBuildConfiguration;
			buildSettings = {
				ALWAYS_SEARCH_USER_PATHS = NO;
				ASSETCATALOG_COMPILER_GENERATE_SWIFT_ASSET_SYMBOL_EXTENSIONS = YES;
				CLANG_ANALYZER_NONNULL = YES;
				CLANG_ANALYZER_NUMBER_OBJECT_CONVERSION = YES_AGGRESSIVE;
				CLANG_CXX_LANGUAGE_STANDARD = "gnu++20";
				CLANG_ENABLE_MODULES = YES;
				CLANG_ENABLE_OBJC_ARC = YES;
				CLANG_ENABLE_OBJC_WEAK = YES;
				CLANG_WARN_BLOCK_CAPTURE_AUTORELEASING = YES;
				CLANG_WARN_BOOL_CONVERSION = YES;
				CLANG_WARN_COMMA = YES;
				CLANG_WARN_CONSTANT_CONVERSION = YES;
				CLANG_WARN_DEPRECATED_OBJC_IMPLEMENTATIONS = YES;
				CLANG_WARN_DIRECT_OBJC_ISA_USAGE = YES_ERROR;
				CLANG_WARN_DOCUMENTATION_COMMENTS = YES;
				CLANG_WARN_EMPTY_BODY = YES;
				CLANG_WARN_ENUM_CONVERSION = YES;
				CLANG_WARN_INFINITE_RECURSION = YES;
				CLANG_WARN_INT_CONVERSION = YES;
				CLANG_WARN_NON_LITERAL_NULL_CONVERSION = YES;
				CLANG_WARN_OBJC_IMPLICIT_RETAIN_SELF = YES;
				CLANG_WARN_OBJC_LITERAL_CONVERSION = YES;
				CLANG_WARN_OBJC_ROOT_CLASS = YES_ERROR;
				CLANG_WARN_QUOTED_INCLUDE_IN_FRAMEWORK_HEADER = YES;
				CLANG_WARN_RANGE_LOOP_ANALYSIS = YES;
				CLANG_WARN_STRICT_PROTOTYPES = YES;
				CLANG_WARN_SUSPICIOUS_MOVE = YES;
				CLANG_WARN_UNGUARDED_AVAILABILITY = YES_AGGRESSIVE;
				CLANG_WARN_UNREACHABLE_CODE = YES;
				CLANG_WARN__DUPLICATE_METHOD_MATCH = YES;
				COPY_PHASE_STRIP = NO;
				DEBUG_INFORMATION_FORMAT = dwarf;
				DEVELOPMENT_TEAM = 4M9243Z8G4;
				ENABLE_STRICT_OBJC_MSGSEND = YES;
				ENABLE_TESTABILITY = YES;
				ENABLE_USER_SCRIPT_SANDBOXING = YES;
				GCC_C_LANGUAGE_STANDARD = gnu17;
				GCC_DYNAMIC_NO_PIC = NO;
				GCC_NO_COMMON_BLOCKS = YES;
				GCC_OPTIMIZATION_LEVEL = 0;
				GCC_PREPROCESSOR_DEFINITIONS = (
					"DEBUG=1",
					"$(inherited)",
				);
				GCC_WARN_64_TO_32_BIT_CONVERSION = YES;
				GCC_WARN_ABOUT_RETURN_TYPE = YES_ERROR;
				GCC_WARN_UNDECLARED_SELECTOR = YES;
				GCC_WARN_UNINITIALIZED_AUTOS = YES_AGGRESSIVE;
				GCC_WARN_UNUSED_FUNCTION = YES;
				GCC_WARN_UNUSED_VARIABLE = YES;
				LOCALIZATION_PREFERS_STRING_CATALOGS = YES;
				MACOSX_DEPLOYMENT_TARGET = 26.2;
				MTL_ENABLE_DEBUG_INFO = INCLUDE_SOURCE;
				MTL_FAST_MATH = YES;
				ONLY_ACTIVE_ARCH = YES;
				SDKROOT = macosx;
				SWIFT_ACTIVE_COMPILATION_CONDITIONS = "DEBUG $(inherited)";
				SWIFT_OPTIMIZATION_LEVEL = "-Onone";
			};
			name = Debug;
		};
		92D0DE3E2F5FEE5B008E9B70 /* Release */ = {
			isa = XCBuildConfiguration;
			buildSettings = {
				ALWAYS_SEARCH_USER_PATHS = NO;
				ASSETCATALOG_COMPILER_GENERATE_SWIFT_ASSET_SYMBOL_EXTENSIONS = YES;
				CLANG_ANALYZER_NONNULL = YES;
				CLANG_ANALYZER_NUMBER_OBJECT_CONVERSION = YES_AGGRESSIVE;
				CLANG_CXX_LANGUAGE_STANDARD = "gnu++20";
				CLANG_ENABLE_MODULES = YES;
				CLANG_ENABLE_OBJC_ARC = YES;
				CLANG_ENABLE_OBJC_WEAK = YES;
				CLANG_WARN_BLOCK_CAPTURE_AUTORELEASING = YES;
				CLANG_WARN_BOOL_CONVERSION = YES;
				CLANG_WARN_COMMA = YES;
				CLANG_WARN_CONSTANT_CONVERSION = YES;
				CLANG_WARN_DEPRECATED_OBJC_IMPLEMENTATIONS = YES;
				CLANG_WARN_DIRECT_OBJC_ISA_USAGE = YES_ERROR;
				CLANG_WARN_DOCUMENTATION_COMMENTS = YES;
				CLANG_WARN_EMPTY_BODY = YES;
				CLANG_WARN_ENUM_CONVERSION = YES;
				CLANG_WARN_INFINITE_RECURSION = YES;
				CLANG_WARN_INT_CONVERSION = YES;
				CLANG_WARN_NON_LITERAL_NULL_CONVERSION = YES;
				CLANG_WARN_OBJC_IMPLICIT_RETAIN_SELF = YES;
				CLANG_WARN_OBJC_LITERAL_CONVERSION = YES;
				CLANG_WARN_OBJC_ROOT_CLASS = YES_ERROR;
				CLANG_WARN_QUOTED_INCLUDE_IN_FRAMEWORK_HEADER = YES;
				CLANG_WARN_RANGE_LOOP_ANALYSIS = YES;
				CLANG_WARN_STRICT_PROTOTYPES = YES;
				CLANG_WARN_SUSPICIOUS_MOVE = YES;
				CLANG_WARN_UNGUARDED_AVAILABILITY = YES_AGGRESSIVE;
				CLANG_WARN_UNREACHABLE_CODE = YES;
				CLANG_WARN__DUPLICATE_METHOD_MATCH = YES;
				COPY_PHASE_STRIP = NO;
				DEBUG_INFORMATION_FORMAT = "dwarf-with-dsym";
				DEVELOPMENT_TEAM = 4M9243Z8G4;
				ENABLE_NS_ASSERTIONS = NO;
				ENABLE_STRICT_OBJC_MSGSEND = YES;
				ENABLE_USER_SCRIPT_SANDBOXING = YES;
				GCC_C_LANGUAGE_STANDARD = gnu17;
				GCC_NO_COMMON_BLOCKS = YES;
				GCC_WARN_64_TO_32_BIT_CONVERSION = YES;
				GCC_WARN_ABOUT_RETURN_TYPE = YES_ERROR;
				GCC_WARN_UNDECLARED_SELECTOR = YES;
				GCC_WARN_UNINITIALIZED_AUTOS = YES_AGGRESSIVE;
				GCC_WARN_UNUSED_FUNCTION = YES;
				GCC_WARN_UNUSED_VARIABLE = YES;
				LOCALIZATION_PREFERS_STRING_CATALOGS = YES;
				MACOSX_DEPLOYMENT_TARGET = 26.2;
				MTL_ENABLE_DEBUG_INFO = NO;
				MTL_FAST_MATH = YES;
				SDKROOT = macosx;
				SWIFT_COMPILATION_MODE = wholemodule;
			};
			name = Release;
		};
		92D0DE402F5FEE5B008E9B70 /* Debug */ = {
			isa = XCBuildConfiguration;
			buildSettings = {
				ASSETCATALOG_COMPILER_APPICON_NAME = AppIcon;
				ASSETCATALOG_COMPILER_GLOBAL_ACCENT_COLOR_NAME = AccentColor;
				CODE_SIGN_STYLE = Automatic;
				COMBINE_HIDPI_IMAGES = YES;
				CURRENT_PROJECT_VERSION = 1;
				DEVELOPMENT_TEAM = 4M9243Z8G4;
				ENABLE_APP_SANDBOX = YES;
				ENABLE_HARDENED_RUNTIME = YES;
				ENABLE_PREVIEWS = YES;
				ENABLE_USER_SELECTED_FILES = readonly;
				GENERATE_INFOPLIST_FILE = YES;
				INFOPLIST_KEY_NSHumanReadableCopyright = "";
				LD_RUNPATH_SEARCH_PATHS = (
					"$(inherited)",
					"@executable_path/../Frameworks",
				);
				MARKETING_VERSION = 1.0;
				PRODUCT_BUNDLE_IDENTIFIER = "com.shenzhen.todo-bar";
				PRODUCT_NAME = "$(TARGET_NAME)";
				REGISTER_APP_GROUPS = YES;
				STRING_CATALOG_GENERATE_SYMBOLS = YES;
				SWIFT_APPROACHABLE_CONCURRENCY = YES;
				SWIFT_DEFAULT_ACTOR_ISOLATION = MainActor;
				SWIFT_EMIT_LOC_STRINGS = YES;
				SWIFT_UPCOMING_FEATURE_MEMBER_IMPORT_VISIBILITY = YES;
				SWIFT_VERSION = 5.0;
			};
			name = Debug;
		};
		92D0DE412F5FEE5B008E9B70 /* Release */ = {
			isa = XCBuildConfiguration;
			buildSettings = {
				ASSETCATALOG_COMPILER_APPICON_NAME = AppIcon;
				ASSETCATALOG_COMPILER_GLOBAL_ACCENT_COLOR_NAME = AccentColor;
				CODE_SIGN_STYLE = Automatic;
				COMBINE_HIDPI_IMAGES = YES;
				CURRENT_PROJECT_VERSION = 1;
				DEVELOPMENT_TEAM = 4M9243Z8G4;
				ENABLE_APP_SANDBOX = YES;
				ENABLE_HARDENED_RUNTIME = YES;
				ENABLE_PREVIEWS = YES;
				ENABLE_USER_SELECTED_FILES = readonly;
				GENERATE_INFOPLIST_FILE = YES;
				INFOPLIST_KEY_NSHumanReadableCopyright = "";
				LD_RUNPATH_SEARCH_PATHS = (
					"$(inherited)",
					"@executable_path/../Frameworks",
				);
				MARKETING_VERSION = 1.0;
				PRODUCT_BUNDLE_IDENTIFIER = "com.shenzhen.todo-bar";
				PRODUCT_NAME = "$(TARGET_NAME)";
				REGISTER_APP_GROUPS = YES;
				STRING_CATALOG_GENERATE_SYMBOLS = YES;
				SWIFT_APPROACHABLE_CONCURRENCY = YES;
				SWIFT_DEFAULT_ACTOR_ISOLATION = MainActor;
				SWIFT_EMIT_LOC_STRINGS = YES;
				SWIFT_UPCOMING_FEATURE_MEMBER_IMPORT_VISIBILITY = YES;
				SWIFT_VERSION = 5.0;
			};
			name = Release;
		};
		92D0DE432F5FEE5B008E9B70 /* Debug */ = {
			isa = XCBuildConfiguration;
			buildSettings = {
				BUNDLE_LOADER = "$(TEST_HOST)";
				CODE_SIGN_STYLE = Automatic;
				CURRENT_PROJECT_VERSION = 1;
				DEVELOPMENT_TEAM = 4M9243Z8G4;
				GENERATE_INFOPLIST_FILE = YES;
				MACOSX_DEPLOYMENT_TARGET = 26.2;
				MARKETING_VERSION = 1.0;
				PRODUCT_BUNDLE_IDENTIFIER = "com.shenzhen.todo-barTests";
				PRODUCT_NAME = "$(TARGET_NAME)";
				STRING_CATALOG_GENERATE_SYMBOLS = NO;
				SWIFT_APPROACHABLE_CONCURRENCY = YES;
				SWIFT_EMIT_LOC_STRINGS = NO;
				SWIFT_UPCOMING_FEATURE_MEMBER_IMPORT_VISIBILITY = YES;
				SWIFT_VERSION = 5.0;
				TEST_HOST = "$(BUILT_PRODUCTS_DIR)/todo-bar.app/$(BUNDLE_EXECUTABLE_FOLDER_PATH)/todo-bar";
			};
			name = Debug;
		};
		92D0DE442F5FEE5B008E9B70 /* Release */ = {
			isa = XCBuildConfiguration;
			buildSettings = {
				BUNDLE_LOADER = "$(TEST_HOST)";
				CODE_SIGN_STYLE = Automatic;
				CURRENT_PROJECT_VERSION = 1;
				DEVELOPMENT_TEAM = 4M9243Z8G4;
				GENERATE_INFOPLIST_FILE = YES;
				MACOSX_DEPLOYMENT_TARGET = 26.2;
				MARKETING_VERSION = 1.0;
				PRODUCT_BUNDLE_IDENTIFIER = "com.shenzhen.todo-barTests";
				PRODUCT_NAME = "$(TARGET_NAME)";
				STRING_CATALOG_GENERATE_SYMBOLS = NO;
				SWIFT_APPROACHABLE_CONCURRENCY = YES;
				SWIFT_EMIT_LOC_STRINGS = NO;
				SWIFT_UPCOMING_FEATURE_MEMBER_IMPORT_VISIBILITY = YES;
				SWIFT_VERSION = 5.0;
				TEST_HOST = "$(BUILT_PRODUCTS_DIR)/todo-bar.app/$(BUNDLE_EXECUTABLE_FOLDER_PATH)/todo-bar";
			};
			name = Release;
		};
		92D0DE462F5FEE5B008E9B70 /* Debug */ = {
			isa = XCBuildConfiguration;
			buildSettings = {
				CODE_SIGN_STYLE = Automatic;
				CURRENT_PROJECT_VERSION = 1;
				DEVELOPMENT_TEAM = 4M9243Z8G4;
				GENERATE_INFOPLIST_FILE = YES;
				MARKETING_VERSION = 1.0;
				PRODUCT_BUNDLE_IDENTIFIER = "com.shenzhen.todo-barUITests";
				PRODUCT_NAME = "$(TARGET_NAME)";
				STRING_CATALOG_GENERATE_SYMBOLS = NO;
				SWIFT_APPROACHABLE_CONCURRENCY = YES;
				SWIFT_EMIT_LOC_STRINGS = NO;
				SWIFT_UPCOMING_FEATURE_MEMBER_IMPORT_VISIBILITY = YES;
				SWIFT_VERSION = 5.0;
				TEST_TARGET_NAME = "todo-bar";
			};
			name = Debug;
		};
		92D0DE472F5FEE5B008E9B70 /* Release */ = {
			isa = XCBuildConfiguration;
			buildSettings = {
				CODE_SIGN_STYLE = Automatic;
				CURRENT_PROJECT_VERSION = 1;
				DEVELOPMENT_TEAM = 4M9243Z8G4;
				GENERATE_INFOPLIST_FILE = YES;
				MARKETING_VERSION = 1.0;
				PRODUCT_BUNDLE_IDENTIFIER = "com.shenzhen.todo-barUITests";
				PRODUCT_NAME = "$(TARGET_NAME)";
				STRING_CATALOG_GENERATE_SYMBOLS = NO;
				SWIFT_APPROACHABLE_CONCURRENCY = YES;
				SWIFT_EMIT_LOC_STRINGS = NO;
				SWIFT_UPCOMING_FEATURE_MEMBER_IMPORT_VISIBILITY = YES;
				SWIFT_VERSION = 5.0;
				TEST_TARGET_NAME = "todo-bar";
			};
			name = Release;
		};
/* End XCBuildConfiguration section */

/* Begin XCConfigurationList section */
		92D0DE192F5FEE5A008E9B70 /* Build configuration list for PBXProject "todo-bar" */ = {
			isa = XCConfigurationList;
			buildConfigurations = (
				92D0DE3D2F5FEE5B008E9B70 /* Debug */,
				92D0DE3E2F5FEE5B008E9B70 /* Release */,
			);
			defaultConfigurationIsVisible = 0;
			defaultConfigurationName = Release;
		};
		92D0DE3F2F5FEE5B008E9B70 /* Build configuration list for PBXNativeTarget "todo-bar" */ = {
			isa = XCConfigurationList;
			buildConfigurations = (
				92D0DE402F5FEE5B008E9B70 /* Debug */,
				92D0DE412F5FEE5B008E9B70 /* Release */,
			);
			defaultConfigurationIsVisible = 0;
			defaultConfigurationName = Release;
		};
		92D0DE422F5FEE5B008E9B70 /* Build configuration list for PBXNativeTarget "todo-barTests" */ = {
			isa = XCConfigurationList;
			buildConfigurations = (
				92D0DE432F5FEE5B008E9B70 /* Debug */,
				92D0DE442F5FEE5B008E9B70 /* Release */,
			);
			defaultConfigurationIsVisible = 0;
			defaultConfigurationName = Release;
		};
		92D0DE452F5FEE5B008E9B70 /* Build configuration list for PBXNativeTarget "todo-barUITests" */ = {
			isa = XCConfigurationList;
			buildConfigurations = (
				92D0DE462F5FEE5B008E9B70 /* Debug */,
				92D0DE472F5FEE5B008E9B70 /* Release */,
			);
			defaultConfigurationIsVisible = 0;
			defaultConfigurationName = Release;
		};
/* End XCConfigurationList section */
	};
	rootObject = 92D0DE162F5FEE5A008E9B70 /* Project object */;
}
